
Microsoft Visual Studio Solution File, Format Version 12.00
# Visual Studio Version 17
VisualStudioVersion = 17.3.32825.248
MinimumVisualStudioVersion = 10.0.40219.1
Project("{FAE04EC0-301F-11D3-BF4B-00C04F79EFBC}") = "Stopwatch", "Stopwatch.csproj", "{F4B55E41-27C5-4FB5-B3CB-906C35E9A217}"
EndProject
Global
	GlobalSection(SolutionConfigurationPlatforms) = preSolution
		Debug|Any CPU = Debug|Any CPU
		Release|Any CPU = Release|Any CPU
	EndGlobalSection
	GlobalSection(ProjectConfigurationPlatforms) = postSolution
		{F4B55E41-27C5-4FB5-B3CB-906C35E9A217}.Debug|Any CPU.ActiveCfg = Debug|Any CPU
		{F4B55E41-27C5-4FB5-B3CB-906C35E9A217}.Debug|Any CPU.Build.0 = Debug|Any CPU
		{F4B55E41-27C5-4FB5-B3CB-906C35E9A217}.Release|Any CPU.ActiveCfg = Release|Any CPU
		{F4B55E41-27C5-4FB5-B3CB-906C35E9A217}.Release|Any CPU.Build.0 = Release|Any CPU
	EndGlobalSection
	GlobalSection(SolutionProperties) = preSolution
		HideSolutionNode = FALSE
	EndGlobalSection
	GlobalSection(ExtensibilityGlobals) = postSolution
		SolutionGuid = {A3F0490B-E92D-47C3-BC47-A939F6660100}
	EndGlobalSection
EndGlobal
